
Microsoft Visual Studio Solution File, Format Version 12.00
# Visual Studio 2013
VisualStudioVersion = 12.0.30723.0
MinimumVisualStudioVersion = 10.0.40219.1
Project("{E24C65DC-7377-472B-9ABA-BC803B73C61A}") = "ass2", "http://localhost:54485", "{B9C0203B-4201-4177-8477-0497F4CCEB30}"
	ProjectSection(WebsiteProperties) = preProject
		UseIISExpress = "true"
		TargetFrameworkMoniker = ".NETFramework,Version%3Dv4.5"
		ProjectReferences = "{af6a55b2-be14-438a-91fb-c9052ff4ea75}|DatabaseComp.dll;"
		Debug.AspNetCompiler.VirtualPath = "/localhost_54485"
		Debug.AspNetCompiler.PhysicalPath = "..\..\WebSites\ass2\"
		Debug.AspNetCompiler.TargetPath = "PrecompiledWeb\localhost_54485\"
		Debug.AspNetCompiler.Updateable = "true"
		Debug.AspNetCompiler.ForceOverwrite = "true"
		Debug.AspNetCompiler.FixedNames = "false"
		Debug.AspNetCompiler.Debug = "True"
		Release.AspNetCompiler.VirtualPath = "/localhost_54485"
		Release.AspNetCompiler.PhysicalPath = "..\..\WebSites\ass2\"
		Release.AspNetCompiler.TargetPath = "PrecompiledWeb\localhost_54485\"
		Release.AspNetCompiler.Updateable = "true"
		Release.AspNetCompiler.ForceOverwrite = "true"
		Release.AspNetCompiler.FixedNames = "false"
		Release.AspNetCompiler.Debug = "False"
		SlnRelativePath = "..\..\WebSites\ass2\"
		DefaultWebSiteLanguage = "Visual C#"
	EndProjectSection
EndProject
Project("{FAE04EC0-301F-11D3-BF4B-00C04F79EFBC}") = "DatabaseComp", "..\..\WebSites\ass2\DatabaseComp\DatabaseComp.csproj", "{AF6A55B2-BE14-438A-91FB-C9052FF4EA75}"
EndProject
Global
	GlobalSection(SolutionConfigurationPlatforms) = preSolution
		Debug|Any CPU = Debug|Any CPU
		Release|Any CPU = Release|Any CPU
	EndGlobalSection
	GlobalSection(ProjectConfigurationPlatforms) = postSolution
		{B9C0203B-4201-4177-8477-0497F4CCEB30}.Debug|Any CPU.ActiveCfg = Debug|Any CPU
		{B9C0203B-4201-4177-8477-0497F4CCEB30}.Debug|Any CPU.Build.0 = Debug|Any CPU
		{B9C0203B-4201-4177-8477-0497F4CCEB30}.Release|Any CPU.ActiveCfg = Debug|Any CPU
		{B9C0203B-4201-4177-8477-0497F4CCEB30}.Release|Any CPU.Build.0 = Debug|Any CPU
		{AF6A55B2-BE14-438A-91FB-C9052FF4EA75}.Debug|Any CPU.ActiveCfg = Debug|Any CPU
		{AF6A55B2-BE14-438A-91FB-C9052FF4EA75}.Debug|Any CPU.Build.0 = Debug|Any CPU
		{AF6A55B2-BE14-438A-91FB-C9052FF4EA75}.Release|Any CPU.ActiveCfg = Release|Any CPU
		{AF6A55B2-BE14-438A-91FB-C9052FF4EA75}.Release|Any CPU.Build.0 = Release|Any CPU
	EndGlobalSection
	GlobalSection(SolutionProperties) = preSolution
		HideSolutionNode = FALSE
	EndGlobalSection
EndGlobal
